{
  "version": 4,
  "terraform_version": "1.6.2",
  "serial": 8,
  "lineage": "ae29697c-08c2-01ba-8401-e6244827b7d2",
  "outputs": {
    "query_security_group_ids": {
      "value": [],
      "type": [
        "tuple",
        []
      ]
    },
    "query_subnet_ids": {
      "value": [],
      "type": [
        "tuple",
        []
      ]
    },
    "query_vpc_ids": {
      "value": [],
      "type": [
        "tuple",
        []
      ]
    },
    "security_group_id": {
      "value": "80966305-2be9-49e2-b84b-90877af37a44",
      "type": "string"
    },
    "security_group_rules": {
      "value": [],
      "type": [
        "list",
        [
          "object",
          {
            "action": "string",
            "description": "string",
            "direction": "string",
            "ethertype": "string",
            "id": "string",
            "port_range_max": "number",
            "port_range_min": "number",
            "ports": "string",
            "priority": "number",
            "protocol": "string",
            "remote_address_group_id": "string",
            "remote_group_id": "string",
            "remote_ip_prefix": "string"
          }
        ]
      ]
    },
    "subnet_cidrs": {
      "value": [
        "192.168.16.0/20"
      ],
      "type": [
        "tuple",
        [
          "string"
        ]
      ]
    },
    "subnet_ids": {
      "value": [
        "81fe6fed-90ae-4502-b26b-24e8c591529c"
      ],
      "type": [
        "tuple",
        [
          "string"
        ]
      ]
    },
    "vpc_cidr": {
      "value": "ded86c5b-e203-4bbf-acc1-160e0120c7b1",
      "type": "string"
    },
    "vpc_id": {
      "value": "ded86c5b-e203-4bbf-acc1-160e0120c7b1",
      "type": "string"
    }
  },
  "resources": [
    {
      "mode": "managed",
      "type": "sbercloud_networking_secgroup",
      "name": "this",
      "provider": "provider[\"mycloud.com/myorg/sbercloud\"]",
      "instances": [
        {
          "index_key": 0,
          "schema_version": 0,
          "attributes": {
            "created_at": "2023-10-30T13:19:01Z",
            "delete_default_rules": true,
            "description": "",
            "enterprise_project_id": "0",
            "id": "80966305-2be9-49e2-b84b-90877af37a44",
            "name": "defaul-sequrity-group",
            "region": "ru-moscow-1",
            "rules": [],
            "timeouts": null,
            "updated_at": "2023-10-30T13:19:01Z"
          },
          "sensitive_attributes": [],
          "private": "eyJlMmJmYjczMC1lY2FhLTExZTYtOGY4OC0zNDM2M2JjN2M0YzAiOnsiZGVsZXRlIjo2MDAwMDAwMDAwMDB9fQ=="
        }
      ]
    },
    {
      "mode": "managed",
      "type": "sbercloud_networking_secgroup_rule",
      "name": "in_v4_self_group",
      "provider": "provider[\"mycloud.com/myorg/sbercloud\"]",
      "instances": [
        {
          "index_key": 0,
          "schema_version": 0,
          "attributes": {
            "action": "allow",
            "description": "",
            "direction": "ingress",
            "ethertype": "IPv4",
            "id": "ae4bb6c0-a5e1-4b0f-a2a1-d6f87103a003",
            "port_range_max": 0,
            "port_range_min": 0,
            "ports": "",
            "priority": 1,
            "protocol": "",
            "region": "ru-moscow-1",
            "remote_address_group_id": "",
            "remote_group_id": "80966305-2be9-49e2-b84b-90877af37a44",
            "remote_ip_prefix": "",
            "security_group_id": "80966305-2be9-49e2-b84b-90877af37a44",
            "timeouts": null
          },
          "sensitive_attributes": [],
          "private": "eyJlMmJmYjczMC1lY2FhLTExZTYtOGY4OC0zNDM2M2JjN2M0YzAiOnsiZGVsZXRlIjo2MDAwMDAwMDAwMDB9fQ==",
          "dependencies": [
            "sbercloud_networking_secgroup.this"
          ]
        }
      ]
    },
    {
      "mode": "managed",
      "type": "sbercloud_networking_secgroup_rule",
      "name": "this",
      "provider": "provider[\"mycloud.com/myorg/sbercloud\"]",
      "instances": [
        {
          "index_key": 0,
          "schema_version": 0,
          "attributes": {
            "action": "allow",
            "description": "",
            "direction": "ingress",
            "ethertype": "IPv4",
            "id": "8e172049-a312-4368-a41b-54592e65635a",
            "port_range_max": 0,
            "port_range_min": 0,
            "ports": "",
            "priority": 1,
            "protocol": "icmp",
            "region": "ru-moscow-1",
            "remote_address_group_id": "",
            "remote_group_id": "",
            "remote_ip_prefix": "0.0.0.0/0",
            "security_group_id": "80966305-2be9-49e2-b84b-90877af37a44",
            "timeouts": null
          },
          "sensitive_attributes": [],
          "private": "eyJlMmJmYjczMC1lY2FhLTExZTYtOGY4OC0zNDM2M2JjN2M0YzAiOnsiZGVsZXRlIjo2MDAwMDAwMDAwMDB9fQ==",
          "dependencies": [
            "sbercloud_networking_secgroup.this"
          ]
        }
      ]
    },
    {
      "mode": "managed",
      "type": "sbercloud_vpc",
      "name": "this",
      "provider": "provider[\"mycloud.com/myorg/sbercloud\"]",
      "instances": [
        {
          "index_key": 0,
          "schema_version": 0,
          "attributes": {
            "cidr": "192.168.0.0/16",
            "description": "",
            "enterprise_project_id": "0",
            "id": "ded86c5b-e203-4bbf-acc1-160e0120c7b1",
            "name": "",
            "region": "ru-moscow-1",
            "routes": [],
            "secondary_cidr": null,
            "status": "OK",
            "tags": {},
            "timeouts": null
          },
          "sensitive_attributes": [],
          "private": "eyJlMmJmYjczMC1lY2FhLTExZTYtOGY4OC0zNDM2M2JjN2M0YzAiOnsiY3JlYXRlIjo2MDAwMDAwMDAwMDAsImRlbGV0ZSI6MTgwMDAwMDAwMDAwfX0="
        }
      ]
    },
    {
      "mode": "managed",
      "type": "sbercloud_vpc_subnet",
      "name": "this",
      "provider": "provider[\"mycloud.com/myorg/sbercloud\"]",
      "instances": [
        {
          "index_key": 0,
          "schema_version": 0,
          "attributes": {
            "availability_zone": "",
            "cidr": "192.168.16.0/20",
            "description": "",
            "dhcp_enable": true,
            "dhcp_lease_time": null,
            "dns_list": [],
            "gateway_ip": "192.168.16.1",
            "id": "81fe6fed-90ae-4502-b26b-24e8c591529c",
            "ipv4_subnet_id": "d6647129-b6a1-4f24-a5f2-cd7e29cb5f04",
            "ipv6_cidr": "2a0c:2b80:10:42::/64",
            "ipv6_enable": true,
            "ipv6_gateway": "2a0c:2b80:10:42::1",
            "ipv6_subnet_id": "6cdb1d40-ef2c-4b8b-bfbf-478624b1880d",
            "name": "module-default-subnet",
            "ntp_server_address": null,
            "primary_dns": "",
            "region": "ru-moscow-1",
            "secondary_dns": "",
            "subnet_id": "d6647129-b6a1-4f24-a5f2-cd7e29cb5f04",
            "tags": {
              "Name": "module-default-subnet"
            },
            "timeouts": null,
            "vpc_id": "ded86c5b-e203-4bbf-acc1-160e0120c7b1"
          },
          "sensitive_attributes": [],
          "private": "eyJlMmJmYjczMC1lY2FhLTExZTYtOGY4OC0zNDM2M2JjN2M0YzAiOnsiY3JlYXRlIjozMDAwMDAwMDAwMDAsImRlbGV0ZSI6MzAwMDAwMDAwMDAwfX0=",
          "dependencies": [
            "sbercloud_vpc.this"
          ]
        }
      ]
    }
  ],
  "check_results": null
}
